
Microsoft Visual Studio Solution File, Format Version 12.00
# Visual Studio Version 18
VisualStudioVersion = 18.5.11723.231
MinimumVisualStudioVersion = 10.0.40219.1
Project("{FAE04EC0-301F-11D3-BF4B-00C04F79EFBC}") = "tarkin.cruelty.shared.ui", "cruelty.shared.ui\tarkin.cruelty.shared.ui.csproj", "{CCD4E5E9-F3B2-EF86-E27C-AAF5062C6CA1}"
EndProject
Project("{FAE04EC0-301F-11D3-BF4B-00C04F79EFBC}") = "tarkin.cruelty.bep.ui", "cruelty.bep.ui\tarkin.cruelty.bep.ui.csproj", "{7E7D71E3-4BEA-1B58-92D0-4CEC1C51F2E3}"
EndProject
Project("{FAE04EC0-301F-11D3-BF4B-00C04F79EFBC}") = "tarkin.cruelty.world", "cruelty.world\tarkin.cruelty.world.csproj", "{14FBB867-9CE2-99E9-2146-C856BC18FE0E}"
EndProject
Project("{FAE04EC0-301F-11D3-BF4B-00C04F79EFBC}") = "tarkin.cruelty.shared", "cruelty.shared\tarkin.cruelty.shared.csproj", "{8882A95E-1257-B16B-AB35-6230AA14B97C}"
EndProject
Project("{FAE04EC0-301F-11D3-BF4B-00C04F79EFBC}") = "tarkin.cruelty.player", "cruelty.player\tarkin.cruelty.player.csproj", "{AF3F173A-8912-69A7-98A3-69E4F1F7B74B}"
EndProject
Project("{FAE04EC0-301F-11D3-BF4B-00C04F79EFBC}") = "tarkin.cruelty.fika", "cruelty.fika\tarkin.cruelty.fika.csproj", "{C2A4F28B-84B0-62E2-7B69-40045BBEF968}"
EndProject
Global
	GlobalSection(SolutionConfigurationPlatforms) = preSolution
		Debug|Any CPU = Debug|Any CPU
		Release|Any CPU = Release|Any CPU
	EndGlobalSection
	GlobalSection(ProjectConfigurationPlatforms) = postSolution
		{CCD4E5E9-F3B2-EF86-E27C-AAF5062C6CA1}.Debug|Any CPU.ActiveCfg = Debug|Any CPU
		{CCD4E5E9-F3B2-EF86-E27C-AAF5062C6CA1}.Debug|Any CPU.Build.0 = Debug|Any CPU
		{CCD4E5E9-F3B2-EF86-E27C-AAF5062C6CA1}.Release|Any CPU.ActiveCfg = Release|Any CPU
		{CCD4E5E9-F3B2-EF86-E27C-AAF5062C6CA1}.Release|Any CPU.Build.0 = Release|Any CPU
		{7E7D71E3-4BEA-1B58-92D0-4CEC1C51F2E3}.Debug|Any CPU.ActiveCfg = Debug|Any CPU
		{7E7D71E3-4BEA-1B58-92D0-4CEC1C51F2E3}.Debug|Any CPU.Build.0 = Debug|Any CPU
		{7E7D71E3-4BEA-1B58-92D0-4CEC1C51F2E3}.Release|Any CPU.ActiveCfg = Release|Any CPU
		{7E7D71E3-4BEA-1B58-92D0-4CEC1C51F2E3}.Release|Any CPU.Build.0 = Release|Any CPU
		{14FBB867-9CE2-99E9-2146-C856BC18FE0E}.Debug|Any CPU.ActiveCfg = Debug|Any CPU
		{14FBB867-9CE2-99E9-2146-C856BC18FE0E}.Debug|Any CPU.Build.0 = Debug|Any CPU
		{14FBB867-9CE2-99E9-2146-C856BC18FE0E}.Release|Any CPU.ActiveCfg = Release|Any CPU
		{14FBB867-9CE2-99E9-2146-C856BC18FE0E}.Release|Any CPU.Build.0 = Release|Any CPU
		{8882A95E-1257-B16B-AB35-6230AA14B97C}.Debug|Any CPU.ActiveCfg = Debug|Any CPU
		{8882A95E-1257-B16B-AB35-6230AA14B97C}.Debug|Any CPU.Build.0 = Debug|Any CPU
		{8882A95E-1257-B16B-AB35-6230AA14B97C}.Release|Any CPU.ActiveCfg = Release|Any CPU
		{8882A95E-1257-B16B-AB35-6230AA14B97C}.Release|Any CPU.Build.0 = Release|Any CPU
		{AF3F173A-8912-69A7-98A3-69E4F1F7B74B}.Debug|Any CPU.ActiveCfg = Debug|Any CPU
		{AF3F173A-8912-69A7-98A3-69E4F1F7B74B}.Debug|Any CPU.Build.0 = Debug|Any CPU
		{AF3F173A-8912-69A7-98A3-69E4F1F7B74B}.Release|Any CPU.ActiveCfg = Release|Any CPU
		{AF3F173A-8912-69A7-98A3-69E4F1F7B74B}.Release|Any CPU.Build.0 = Release|Any CPU
		{C2A4F28B-84B0-62E2-7B69-40045BBEF968}.Debug|Any CPU.ActiveCfg = Debug|Any CPU
		{C2A4F28B-84B0-62E2-7B69-40045BBEF968}.Debug|Any CPU.Build.0 = Debug|Any CPU
		{C2A4F28B-84B0-62E2-7B69-40045BBEF968}.Release|Any CPU.ActiveCfg = Release|Any CPU
		{C2A4F28B-84B0-62E2-7B69-40045BBEF968}.Release|Any CPU.Build.0 = Release|Any CPU
	EndGlobalSection
	GlobalSection(SolutionProperties) = preSolution
		HideSolutionNode = FALSE
	EndGlobalSection
	GlobalSection(ExtensibilityGlobals) = postSolution
		SolutionGuid = {BCF77589-2979-4CD4-B127-63EB08DBDC1F}
	EndGlobalSection
EndGlobal
